
Microsoft Visual Studio Solution File, Format Version 12.00
# Visual Studio Version 17
VisualStudioVersion = 17.5.002.0
MinimumVisualStudioVersion = 10.0.40219.1
Project("{9A19103F-16F7-4668-BE54-9A1E7A4F7556}") = "Projeto2_ucl", "Projeto2_ucl.csproj", "{84A93498-246D-499D-8B03-7B9C3208292A}"
EndProject
Global
	GlobalSection(SolutionConfigurationPlatforms) = preSolution
		Debug|Any CPU = Debug|Any CPU
		Release|Any CPU = Release|Any CPU
	EndGlobalSection
	GlobalSection(ProjectConfigurationPlatforms) = postSolution
		{84A93498-246D-499D-8B03-7B9C3208292A}.Debug|Any CPU.ActiveCfg = Debug|Any CPU
		{84A93498-246D-499D-8B03-7B9C3208292A}.Debug|Any CPU.Build.0 = Debug|Any CPU
		{84A93498-246D-499D-8B03-7B9C3208292A}.Release|Any CPU.ActiveCfg = Release|Any CPU
		{84A93498-246D-499D-8B03-7B9C3208292A}.Release|Any CPU.Build.0 = Release|Any CPU
	EndGlobalSection
	GlobalSection(SolutionProperties) = preSolution
		HideSolutionNode = FALSE
	EndGlobalSection
	GlobalSection(ExtensibilityGlobals) = postSolution
		SolutionGuid = {C4148343-7D8A-4822-AE43-80178F1FAC0A}
	EndGlobalSection
EndGlobal
